
Microsoft Visual Studio Solution File, Format Version 12.00
# Visual Studio 15
VisualStudioVersion = 15.0.27428.2037
MinimumVisualStudioVersion = 10.0.40219.1
Project("{FAE04EC0-301F-11D3-BF4B-00C04F79EFBC}") = "FoundationDB.Client", "FoundationDB.Client\FoundationDB.Client.csproj", "{773166B7-DE74-4FCC-845C-84080CC89533}"
EndProject
Project("{2150E333-8FDC-42A3-9474-1A3956D46DE8}") = "Common", "Common", "{4788B3A8-BFC1-4A57-8062-83071A1D41F7}"
	ProjectSection(SolutionItems) = preProject
		Common\foundationdb-net-client.snk = Common\foundationdb-net-client.snk
		VersionInfo.cs = VersionInfo.cs
	EndProjectSection
EndProject
Project("{2150E333-8FDC-42A3-9474-1A3956D46DE8}") = "Solution Items", "Solution Items", "{A7D90DEE-38B0-449C-93B5-32D7B845D990}"
	ProjectSection(SolutionItems) = preProject
		LICENSE.md = LICENSE.md
		README.md = README.md
	EndProjectSection
EndProject
Project("{2150E333-8FDC-42A3-9474-1A3956D46DE8}") = "Core", "Core", "{A00227EE-033B-40BB-A159-3CBC99AE54F8}"
EndProject
Project("{2150E333-8FDC-42A3-9474-1A3956D46DE8}") = "Documents", "Documents", "{1B6BEB71-8C92-4B06-9715-9DAF49907BA1}"
	ProjectSection(SolutionItems) = preProject
		Tuples.md = Tuples.md
	EndProjectSection
EndProject
Project("{2150E333-8FDC-42A3-9474-1A3956D46DE8}") = ".nuget", ".nuget", "{49DAFCA7-401C-4274-A559-4685E832DAF3}"
	ProjectSection(SolutionItems) = preProject
		.nuget\NuGet.Config = .nuget\NuGet.Config
		.nuget\NuGet.exe = .nuget\NuGet.exe
		.nuget\NuGet.targets = .nuget\NuGet.targets
	EndProjectSection
EndProject
Global
	GlobalSection(SolutionConfigurationPlatforms) = preSolution
		Debug|Any CPU = Debug|Any CPU
		Release|Any CPU = Release|Any CPU
	EndGlobalSection
	GlobalSection(ProjectConfigurationPlatforms) = postSolution
		{773166B7-DE74-4FCC-845C-84080CC89533}.Debug|Any CPU.ActiveCfg = Debug|Any CPU
		{773166B7-DE74-4FCC-845C-84080CC89533}.Debug|Any CPU.Build.0 = Debug|Any CPU
		{773166B7-DE74-4FCC-845C-84080CC89533}.Release|Any CPU.ActiveCfg = Release|Any CPU
		{773166B7-DE74-4FCC-845C-84080CC89533}.Release|Any CPU.Build.0 = Release|Any CPU
	EndGlobalSection
	GlobalSection(SolutionProperties) = preSolution
		HideSolutionNode = FALSE
	EndGlobalSection
	GlobalSection(NestedProjects) = preSolution
		{773166B7-DE74-4FCC-845C-84080CC89533} = {A00227EE-033B-40BB-A159-3CBC99AE54F8}
	EndGlobalSection
	GlobalSection(ExtensibilityGlobals) = postSolution
		SolutionGuid = {07944E4B-042C-4338-8E28-99FB373F52AA}
	EndGlobalSection
EndGlobal
